// !$*UTF8*$!
{
	archiveVersion = 1;
	classes = {
	};
	objectVersion = 50;
	objects = {

/* Begin PBXBuildFile section */
		0253384ED3FBBAFC9A75C61B /* Pods_RetirementCalculatorUITests.framework in Frameworks */ = {isa = PBXBuildFile; fileRef = 7281558B8D095771B8F4F2F2 /* Pods_RetirementCalculatorUITests.framework */; };
		181A27D87E724E239217F39E /* Pods_RetirementCalculatorTests.framework in Frameworks */ = {isa = PBXBuildFile; fileRef = A21D0CF437E8AAAB7620A346 /* Pods_RetirementCalculatorTests.framework */; };
		6DBC1B5E231085BA00130CF8 /* libswiftAccelerate.dylib in CopyFiles */ = {isa = PBXBuildFile; fileRef = 6DBC1B5A2310859A00130CF8 /* libswiftAccelerate.dylib */; settings = {ATTRIBUTES = (CodeSignOnCopy, ); }; };
		6DBC1B5F231085BA00130CF8 /* libswiftARKit.dylib in CopyFiles */ = {isa = PBXBuildFile; fileRef = 6DBC1B3F2310859900130CF8 /* libswiftARKit.dylib */; settings = {ATTRIBUTES = (CodeSignOnCopy, ); }; };
		6DBC1B60231085BA00130CF8 /* libswiftAssetsLibrary.dylib in CopyFiles */ = {isa = PBXBuildFile; fileRef = 6DBC1B522310859A00130CF8 /* libswiftAssetsLibrary.dylib */; settings = {ATTRIBUTES = (CodeSignOnCopy, ); }; };
		6DBC1B61231085BA00130CF8 /* libswiftAVFoundation.dylib in CopyFiles */ = {isa = PBXBuildFile; fileRef = 6DBC1B5C2310859A00130CF8 /* libswiftAVFoundation.dylib */; settings = {ATTRIBUTES = (CodeSignOnCopy, ); }; };
		6DBC1B62231085BA00130CF8 /* libswiftCallKit.dylib in CopyFiles */ = {isa = PBXBuildFile; fileRef = 6DBC1B3B2310859900130CF8 /* libswiftCallKit.dylib */; settings = {ATTRIBUTES = (CodeSignOnCopy, ); }; };
		6DBC1B63231085BA00130CF8 /* libswiftCloudKit.dylib in CopyFiles */ = {isa = PBXBuildFile; fileRef = 6DBC1B452310859900130CF8 /* libswiftCloudKit.dylib */; settings = {ATTRIBUTES = (CodeSignOnCopy, ); }; };
		6DBC1B64231085BA00130CF8 /* libswiftContacts.dylib in CopyFiles */ = {isa = PBXBuildFile; fileRef = 6DBC1B3E2310859900130CF8 /* libswiftContacts.dylib */; settings = {ATTRIBUTES = (CodeSignOnCopy, ); }; };
		6DBC1B65231085BA00130CF8 /* libswiftCore.dylib in CopyFiles */ = {isa = PBXBuildFile; fileRef = 6DBC1B412310859900130CF8 /* libswiftCore.dylib */; settings = {ATTRIBUTES = (CodeSignOnCopy, ); }; };
		6DBC1B66231085BA00130CF8 /* libswiftCoreAudio.dylib in CopyFiles */ = {isa = PBXBuildFile; fileRef = 6DBC1B492310859900130CF8 /* libswiftCoreAudio.dylib */; settings = {ATTRIBUTES = (CodeSignOnCopy, ); }; };
		6DBC1B67231085BA00130CF8 /* libswiftCoreData.dylib in CopyFiles */ = {isa = PBXBuildFile; fileRef = 6DBC1B3C2310859900130CF8 /* libswiftCoreData.dylib */; settings = {ATTRIBUTES = (CodeSignOnCopy, ); }; };
		6DBC1B68231085BA00130CF8 /* libswiftCoreFoundation.dylib in CopyFiles */ = {isa = PBXBuildFile; fileRef = 6DBC1B472310859900130CF8 /* libswiftCoreFoundation.dylib */; settings = {ATTRIBUTES = (CodeSignOnCopy, ); }; };
		6DBC1B69231085BA00130CF8 /* libswiftCoreGraphics.dylib in CopyFiles */ = {isa = PBXBuildFile; fileRef = 6DBC1B502310859A00130CF8 /* libswiftCoreGraphics.dylib */; settings = {ATTRIBUTES = (CodeSignOnCopy, ); }; };
		6DBC1B6A231085BA00130CF8 /* libswiftCoreImage.dylib in CopyFiles */ = {isa = PBXBuildFile; fileRef = 6DBC1B592310859A00130CF8 /* libswiftCoreImage.dylib */; settings = {ATTRIBUTES = (CodeSignOnCopy, ); }; };
		6DBC1B6B231085BA00130CF8 /* libswiftCoreLocation.dylib in CopyFiles */ = {isa = PBXBuildFile; fileRef = 6DBC1B382310859800130CF8 /* libswiftCoreLocation.dylib */; settings = {ATTRIBUTES = (CodeSignOnCopy, ); }; };
		6DBC1B6C231085BA00130CF8 /* libswiftCoreMedia.dylib in CopyFiles */ = {isa = PBXBuildFile; fileRef = 6DBC1B542310859A00130CF8 /* libswiftCoreMedia.dylib */; settings = {ATTRIBUTES = (CodeSignOnCopy, ); }; };
		6DBC1B6D231085BA00130CF8 /* libswiftDarwin.dylib in CopyFiles */ = {isa = PBXBuildFile; fileRef = 6DBC1B3D2310859900130CF8 /* libswiftDarwin.dylib */; settings = {ATTRIBUTES = (CodeSignOnCopy, ); }; };
		6DBC1B6E231085BA00130CF8 /* libswiftDispatch.dylib in CopyFiles */ = {isa = PBXBuildFile; fileRef = 6DBC1B362310859800130CF8 /* libswiftDispatch.dylib */; settings = {ATTRIBUTES = (CodeSignOnCopy, ); }; };
		6DBC1B6F231085BA00130CF8 /* libswiftFoundation.dylib in CopyFiles */ = {isa = PBXBuildFile; fileRef = 6DBC1B512310859A00130CF8 /* libswiftFoundation.dylib */; settings = {ATTRIBUTES = (CodeSignOnCopy, ); }; };
		6DBC1B70231085BA00130CF8 /* libswiftGameplayKit.dylib in CopyFiles */ = {isa = PBXBuildFile; fileRef = 6DBC1B532310859A00130CF8 /* libswiftGameplayKit.dylib */; settings = {ATTRIBUTES = (CodeSignOnCopy, ); }; };
		6DBC1B71231085BA00130CF8 /* libswiftGLKit.dylib in CopyFiles */ = {isa = PBXBuildFile; fileRef = 6DBC1B3A2310859900130CF8 /* libswiftGLKit.dylib */; settings = {ATTRIBUTES = (CodeSignOnCopy, ); }; };
		6DBC1B72231085BA00130CF8 /* libswiftHomeKit.dylib in CopyFiles */ = {isa = PBXBuildFile; fileRef = 6DBC1B392310859900130CF8 /* libswiftHomeKit.dylib */; settings = {ATTRIBUTES = (CodeSignOnCopy, ); }; };
		6DBC1B73231085BA00130CF8 /* libswiftIntents.dylib in CopyFiles */ = {isa = PBXBuildFile; fileRef = 6DBC1B372310859800130CF8 /* libswiftIntents.dylib */; settings = {ATTRIBUTES = (CodeSignOnCopy, ); }; };
		6DBC1B74231085BA00130CF8 /* libswiftMapKit.dylib in CopyFiles */ = {isa = PBXBuildFile; fileRef = 6DBC1B482310859900130CF8 /* libswiftMapKit.dylib */; settings = {ATTRIBUTES = (CodeSignOnCopy, ); }; };
		6DBC1B75231085BA00130CF8 /* libswiftMediaPlayer.dylib in CopyFiles */ = {isa = PBXBuildFile; fileRef = 6DBC1B582310859A00130CF8 /* libswiftMediaPlayer.dylib */; settings = {ATTRIBUTES = (CodeSignOnCopy, ); }; };
		6DBC1B76231085BA00130CF8 /* libswiftMetal.dylib in CopyFiles */ = {isa = PBXBuildFile; fileRef = 6DBC1B4E2310859900130CF8 /* libswiftMetal.dylib */; settings = {ATTRIBUTES = (CodeSignOnCopy, ); }; };
		6DBC1B77231085BA00130CF8 /* libswiftMetalKit.dylib in CopyFiles */ = {isa = PBXBuildFile; fileRef = 6DBC1B402310859900130CF8 /* libswiftMetalKit.dylib */; settings = {ATTRIBUTES = (CodeSignOnCopy, ); }; };
		6DBC1B78231085BA00130CF8 /* libswiftModelIO.dylib in CopyFiles */ = {isa = PBXBuildFile; fileRef = 6DBC1B572310859A00130CF8 /* libswiftModelIO.dylib */; settings = {ATTRIBUTES = (CodeSignOnCopy, ); }; };
		6DBC1B79231085BA00130CF8 /* libswiftNaturalLanguage.dylib in CopyFiles */ = {isa = PBXBuildFile; fileRef = 6DBC1B422310859900130CF8 /* libswiftNaturalLanguage.dylib */; settings = {ATTRIBUTES = (CodeSignOnCopy, ); }; };
		6DBC1B7A231085BA00130CF8 /* libswiftNetwork.dylib in CopyFiles */ = {isa = PBXBuildFile; fileRef = 6DBC1B5D2310859A00130CF8 /* libswiftNetwork.dylib */; settings = {ATTRIBUTES = (CodeSignOnCopy, ); }; };
		6DBC1B7B231085BA00130CF8 /* libswiftObjectiveC.dylib in CopyFiles */ = {isa = PBXBuildFile; fileRef = 6DBC1B4A2310859900130CF8 /* libswiftObjectiveC.dylib */; settings = {ATTRIBUTES = (CodeSignOnCopy, ); }; };
		6DBC1B7C231085BA00130CF8 /* libswiftos.dylib in CopyFiles */ = {isa = PBXBuildFile; fileRef = 6DBC1B552310859A00130CF8 /* libswiftos.dylib */; settings = {ATTRIBUTES = (CodeSignOnCopy, ); }; };
		6DBC1B7D231085BA00130CF8 /* libswiftPhotos.dylib in CopyFiles */ = {isa = PBXBuildFile; fileRef = 6DBC1B4B2310859900130CF8 /* libswiftPhotos.dylib */; settings = {ATTRIBUTES = (CodeSignOnCopy, ); }; };
		6DBC1B7E231085BA00130CF8 /* libswiftQuartzCore.dylib in CopyFiles */ = {isa = PBXBuildFile; fileRef = 6DBC1B342310859800130CF8 /* libswiftQuartzCore.dylib */; settings = {ATTRIBUTES = (CodeSignOnCopy, ); }; };
		6DBC1B7F231085BA00130CF8 /* libswiftRemoteMirror.dylib in CopyFiles */ = {isa = PBXBuildFile; fileRef = 6DBC1B5B2310859A00130CF8 /* libswiftRemoteMirror.dylib */; settings = {ATTRIBUTES = (CodeSignOnCopy, ); }; };
		6DBC1B80231085BA00130CF8 /* libswiftSceneKit.dylib in CopyFiles */ = {isa = PBXBuildFile; fileRef = 6DBC1B352310859800130CF8 /* libswiftSceneKit.dylib */; settings = {ATTRIBUTES = (CodeSignOnCopy, ); }; };
		6DBC1B81231085BA00130CF8 /* libswiftsimd.dylib in CopyFiles */ = {isa = PBXBuildFile; fileRef = 6DBC1B432310859900130CF8 /* libswiftsimd.dylib */; settings = {ATTRIBUTES = (CodeSignOnCopy, ); }; };
		6DBC1B82231085BA00130CF8 /* libswiftSpriteKit.dylib in CopyFiles */ = {isa = PBXBuildFile; fileRef = 6DBC1B4C2310859900130CF8 /* libswiftSpriteKit.dylib */; settings = {ATTRIBUTES = (CodeSignOnCopy, ); }; };
		6DBC1B83231085BA00130CF8 /* libswiftSwiftOnoneSupport.dylib in CopyFiles */ = {isa = PBXBuildFile; fileRef = 6DBC1B562310859A00130CF8 /* libswiftSwiftOnoneSupport.dylib */; settings = {ATTRIBUTES = (CodeSignOnCopy, ); }; };
		6DBC1B84231085BA00130CF8 /* libswiftUIKit.dylib in CopyFiles */ = {isa = PBXBuildFile; fileRef = 6DBC1B442310859900130CF8 /* libswiftUIKit.dylib */; settings = {ATTRIBUTES = (CodeSignOnCopy, ); }; };
		6DBC1B85231085BA00130CF8 /* libswiftVision.dylib in CopyFiles */ = {isa = PBXBuildFile; fileRef = 6DBC1B4F2310859900130CF8 /* libswiftVision.dylib */; settings = {ATTRIBUTES = (CodeSignOnCopy, ); }; };
		6DBC1B86231085BA00130CF8 /* libswiftWatchKit.dylib in CopyFiles */ = {isa = PBXBuildFile; fileRef = 6DBC1B4D2310859900130CF8 /* libswiftWatchKit.dylib */; settings = {ATTRIBUTES = (CodeSignOnCopy, ); }; };
		6DBC1B87231085BA00130CF8 /* libswiftXCTest.dylib in CopyFiles */ = {isa = PBXBuildFile; fileRef = 6DBC1B462310859900130CF8 /* libswiftXCTest.dylib */; settings = {ATTRIBUTES = (CodeSignOnCopy, ); }; };
		6DBC1B89231087DD00130CF8 /* libswiftAccelerate.dylib in CopyFiles */ = {isa = PBXBuildFile; fileRef = 6DBC1B5A2310859A00130CF8 /* libswiftAccelerate.dylib */; settings = {ATTRIBUTES = (CodeSignOnCopy, ); }; };
		6DBC1B8A231087DD00130CF8 /* libswiftARKit.dylib in CopyFiles */ = {isa = PBXBuildFile; fileRef = 6DBC1B3F2310859900130CF8 /* libswiftARKit.dylib */; settings = {ATTRIBUTES = (CodeSignOnCopy, ); }; };
		6DBC1B8B231087DD00130CF8 /* libswiftAssetsLibrary.dylib in CopyFiles */ = {isa = PBXBuildFile; fileRef = 6DBC1B522310859A00130CF8 /* libswiftAssetsLibrary.dylib */; settings = {ATTRIBUTES = (CodeSignOnCopy, ); }; };
		6DBC1B8C231087DD00130CF8 /* libswiftAVFoundation.dylib in CopyFiles */ = {isa = PBXBuildFile; fileRef = 6DBC1B5C2310859A00130CF8 /* libswiftAVFoundation.dylib */; settings = {ATTRIBUTES = (CodeSignOnCopy, ); }; };
		6DBC1B8D231087DD00130CF8 /* libswiftCallKit.dylib in CopyFiles */ = {isa = PBXBuildFile; fileRef = 6DBC1B3B2310859900130CF8 /* libswiftCallKit.dylib */; settings = {ATTRIBUTES = (CodeSignOnCopy, ); }; };
		6DBC1B8E231087DD00130CF8 /* libswiftCloudKit.dylib in CopyFiles */ = {isa = PBXBuildFile; fileRef = 6DBC1B452310859900130CF8 /* libswiftCloudKit.dylib */; settings = {ATTRIBUTES = (CodeSignOnCopy, ); }; };
		6DBC1B8F231087DD00130CF8 /* libswiftContacts.dylib in CopyFiles */ = {isa = PBXBuildFile; fileRef = 6DBC1B3E2310859900130CF8 /* libswiftContacts.dylib */; settings = {ATTRIBUTES = (CodeSignOnCopy, ); }; };
		6DBC1B90231087DD00130CF8 /* libswiftCore.dylib in CopyFiles */ = {isa = PBXBuildFile; fileRef = 6DBC1B412310859900130CF8 /* libswiftCore.dylib */; settings = {ATTRIBUTES = (CodeSignOnCopy, ); }; };
		6DBC1B91231087DD00130CF8 /* libswiftCoreAudio.dylib in CopyFiles */ = {isa = PBXBuildFile; fileRef = 6DBC1B492310859900130CF8 /* libswiftCoreAudio.dylib */; settings = {ATTRIBUTES = (CodeSignOnCopy, ); }; };
		6DBC1B92231087DD00130CF8 /* libswiftCoreData.dylib in CopyFiles */ = {isa = PBXBuildFile; fileRef = 6DBC1B3C2310859900130CF8 /* libswiftCoreData.dylib */; settings = {ATTRIBUTES = (CodeSignOnCopy, ); }; };
		6DBC1B93231087DD00130CF8 /* libswiftCoreFoundation.dylib in CopyFiles */ = {isa = PBXBuildFile; fileRef = 6DBC1B472310859900130CF8 /* libswiftCoreFoundation.dylib */; settings = {ATTRIBUTES = (CodeSignOnCopy, ); }; };
		6DBC1B94231087DD00130CF8 /* libswiftCoreGraphics.dylib in CopyFiles */ = {isa = PBXBuildFile; fileRef = 6DBC1B502310859A00130CF8 /* libswiftCoreGraphics.dylib */; settings = {ATTRIBUTES = (CodeSignOnCopy, ); }; };
		6DBC1B95231087DD00130CF8 /* libswiftCoreImage.dylib in CopyFiles */ = {isa = PBXBuildFile; fileRef = 6DBC1B592310859A00130CF8 /* libswiftCoreImage.dylib */; settings = {ATTRIBUTES = (CodeSignOnCopy, ); }; };
		6DBC1B96231087DD00130CF8 /* libswiftCoreLocation.dylib in CopyFiles */ = {isa = PBXBuildFile; fileRef = 6DBC1B382310859800130CF8 /* libswiftCoreLocation.dylib */; settings = {ATTRIBUTES = (CodeSignOnCopy, ); }; };
		6DBC1B97231087DD00130CF8 /* libswiftCoreMedia.dylib in CopyFiles */ = {isa = PBXBuildFile; fileRef = 6DBC1B542310859A00130CF8 /* libswiftCoreMedia.dylib */; settings = {ATTRIBUTES = (CodeSignOnCopy, ); }; };
		6DBC1B98231087DD00130CF8 /* libswiftDarwin.dylib in CopyFiles */ = {isa = PBXBuildFile; fileRef = 6DBC1B3D2310859900130CF8 /* libswiftDarwin.dylib */; settings = {ATTRIBUTES = (CodeSignOnCopy, ); }; };
		6DBC1B99231087DD00130CF8 /* libswiftDispatch.dylib in CopyFiles */ = {isa = PBXBuildFile; fileRef = 6DBC1B362310859800130CF8 /* libswiftDispatch.dylib */; settings = {ATTRIBUTES = (CodeSignOnCopy, ); }; };
		6DBC1B9A231087DD00130CF8 /* libswiftFoundation.dylib in CopyFiles */ = {isa = PBXBuildFile; fileRef = 6DBC1B512310859A00130CF8 /* libswiftFoundation.dylib */; settings = {ATTRIBUTES = (CodeSignOnCopy, ); }; };
		6DBC1B9B231087DD00130CF8 /* libswiftGameplayKit.dylib in CopyFiles */ = {isa = PBXBuildFile; fileRef = 6DBC1B532310859A00130CF8 /* libswiftGameplayKit.dylib */; settings = {ATTRIBUTES = (CodeSignOnCopy, ); }; };
		6DBC1B9C231087DD00130CF8 /* libswiftGLKit.dylib in CopyFiles */ = {isa = PBXBuildFile; fileRef = 6DBC1B3A2310859900130CF8 /* libswiftGLKit.dylib */; settings = {ATTRIBUTES = (CodeSignOnCopy, ); }; };
		6DBC1B9D231087DD00130CF8 /* libswiftHomeKit.dylib in CopyFiles */ = {isa = PBXBuildFile; fileRef = 6DBC1B392310859900130CF8 /* libswiftHomeKit.dylib */; settings = {ATTRIBUTES = (CodeSignOnCopy, ); }; };
		6DBC1B9E231087DD00130CF8 /* libswiftIntents.dylib in CopyFiles */ = {isa = PBXBuildFile; fileRef = 6DBC1B372310859800130CF8 /* libswiftIntents.dylib */; settings = {ATTRIBUTES = (CodeSignOnCopy, ); }; };
		6DBC1B9F231087DD00130CF8 /* libswiftMapKit.dylib in CopyFiles */ = {isa = PBXBuildFile; fileRef = 6DBC1B482310859900130CF8 /* libswiftMapKit.dylib */; settings = {ATTRIBUTES = (CodeSignOnCopy, ); }; };
		6DBC1BA0231087DD00130CF8 /* libswiftMediaPlayer.dylib in CopyFiles */ = {isa = PBXBuildFile; fileRef = 6DBC1B582310859A00130CF8 /* libswiftMediaPlayer.dylib */; settings = {ATTRIBUTES = (CodeSignOnCopy, ); }; };
		6DBC1BA1231087DD00130CF8 /* libswiftMetal.dylib in CopyFiles */ = {isa = PBXBuildFile; fileRef = 6DBC1B4E2310859900130CF8 /* libswiftMetal.dylib */; settings = {ATTRIBUTES = (CodeSignOnCopy, ); }; };
		6DBC1BA2231087DD00130CF8 /* libswiftMetalKit.dylib in CopyFiles */ = {isa = PBXBuildFile; fileRef = 6DBC1B402310859900130CF8 /* libswiftMetalKit.dylib */; settings = {ATTRIBUTES = (CodeSignOnCopy, ); }; };
		6DBC1BA3231087DD00130CF8 /* libswiftModelIO.dylib in CopyFiles */ = {isa = PBXBuildFile; fileRef = 6DBC1B572310859A00130CF8 /* libswiftModelIO.dylib */; settings = {ATTRIBUTES = (CodeSignOnCopy, ); }; };
		6DBC1BA4231087DD00130CF8 /* libswiftNaturalLanguage.dylib in CopyFiles */ = {isa = PBXBuildFile; fileRef = 6DBC1B422310859900130CF8 /* libswiftNaturalLanguage.dylib */; settings = {ATTRIBUTES = (CodeSignOnCopy, ); }; };
		6DBC1BA5231087DD00130CF8 /* libswiftNetwork.dylib in CopyFiles */ = {isa = PBXBuildFile; fileRef = 6DBC1B5D2310859A00130CF8 /* libswiftNetwork.dylib */; settings = {ATTRIBUTES = (CodeSignOnCopy, ); }; };
		6DBC1BA6231087DD00130CF8 /* libswiftObjectiveC.dylib in CopyFiles */ = {isa = PBXBuildFile; fileRef = 6DBC1B4A2310859900130CF8 /* libswiftObjectiveC.dylib */; settings = {ATTRIBUTES = (CodeSignOnCopy, ); }; };
		6DBC1BA7231087DD00130CF8 /* libswiftos.dylib in CopyFiles */ = {isa = PBXBuildFile; fileRef = 6DBC1B552310859A00130CF8 /* libswiftos.dylib */; settings = {ATTRIBUTES = (CodeSignOnCopy, ); }; };
		6DBC1BA8231087DD00130CF8 /* libswiftPhotos.dylib in CopyFiles */ = {isa = PBXBuildFile; fileRef = 6DBC1B4B2310859900130CF8 /* libswiftPhotos.dylib */; settings = {ATTRIBUTES = (CodeSignOnCopy, ); }; };
		6DBC1BA9231087DD00130CF8 /* libswiftQuartzCore.dylib in CopyFiles */ = {isa = PBXBuildFile; fileRef = 6DBC1B342310859800130CF8 /* libswiftQuartzCore.dylib */; settings = {ATTRIBUTES = (CodeSignOnCopy, ); }; };
		6DBC1BAA231087DD00130CF8 /* libswiftRemoteMirror.dylib in CopyFiles */ = {isa = PBXBuildFile; fileRef = 6DBC1B5B2310859A00130CF8 /* libswiftRemoteMirror.dylib */; settings = {ATTRIBUTES = (CodeSignOnCopy, ); }; };
		6DBC1BAB231087DD00130CF8 /* libswiftSceneKit.dylib in CopyFiles */ = {isa = PBXBuildFile; fileRef = 6DBC1B352310859800130CF8 /* libswiftSceneKit.dylib */; settings = {ATTRIBUTES = (CodeSignOnCopy, ); }; };
		6DBC1BAC231087DD00130CF8 /* libswiftsimd.dylib in CopyFiles */ = {isa = PBXBuildFile; fileRef = 6DBC1B432310859900130CF8 /* libswiftsimd.dylib */; settings = {ATTRIBUTES = (CodeSignOnCopy, ); }; };
		6DBC1BAD231087DD00130CF8 /* libswiftSpriteKit.dylib in CopyFiles */ = {isa = PBXBuildFile; fileRef = 6DBC1B4C2310859900130CF8 /* libswiftSpriteKit.dylib */; settings = {ATTRIBUTES = (CodeSignOnCopy, ); }; };
		6DBC1BAE231087DD00130CF8 /* libswiftSwiftOnoneSupport.dylib in CopyFiles */ = {isa = PBXBuildFile; fileRef = 6DBC1B562310859A00130CF8 /* libswiftSwiftOnoneSupport.dylib */; settings = {ATTRIBUTES = (CodeSignOnCopy, ); }; };
		6DBC1BAF231087DD00130CF8 /* libswiftUIKit.dylib in CopyFiles */ = {isa = PBXBuildFile; fileRef = 6DBC1B442310859900130CF8 /* libswiftUIKit.dylib */; settings = {ATTRIBUTES = (CodeSignOnCopy, ); }; };
		6DBC1BB0231087DD00130CF8 /* libswiftVision.dylib in CopyFiles */ = {isa = PBXBuildFile; fileRef = 6DBC1B4F2310859900130CF8 /* libswiftVision.dylib */; settings = {ATTRIBUTES = (CodeSignOnCopy, ); }; };
		6DBC1BB1231087DD00130CF8 /* libswiftWatchKit.dylib in CopyFiles */ = {isa = PBXBuildFile; fileRef = 6DBC1B4D2310859900130CF8 /* libswiftWatchKit.dylib */; settings = {ATTRIBUTES = (CodeSignOnCopy, ); }; };
		6DBC1BB2231087DD00130CF8 /* libswiftXCTest.dylib in CopyFiles */ = {isa = PBXBuildFile; fileRef = 6DBC1B462310859900130CF8 /* libswiftXCTest.dylib */; settings = {ATTRIBUTES = (CodeSignOnCopy, ); }; };
		6DBE681A230ACB7D00B1D469 /* AppDelegate.swift in Sources */ = {isa = PBXBuildFile; fileRef = 6DBE6819230ACB7D00B1D469 /* AppDelegate.swift */; };
		6DBE681C230ACB7D00B1D469 /* ViewController.swift in Sources */ = {isa = PBXBuildFile; fileRef = 6DBE681B230ACB7D00B1D469 /* ViewController.swift */; };
		6DBE681F230ACB7D00B1D469 /* Main.storyboard in Resources */ = {isa = PBXBuildFile; fileRef = 6DBE681D230ACB7D00B1D469 /* Main.storyboard */; };
		6DBE6821230ACB7F00B1D469 /* Assets.xcassets in Resources */ = {isa = PBXBuildFile; fileRef = 6DBE6820230ACB7F00B1D469 /* Assets.xcassets */; };
		6DBE6824230ACB7F00B1D469 /* LaunchScreen.storyboard in Resources */ = {isa = PBXBuildFile; fileRef = 6DBE6822230ACB7F00B1D469 /* LaunchScreen.storyboard */; };
		6DBE682F230ACB7F00B1D469 /* RetirementCalculatorTests.swift in Sources */ = {isa = PBXBuildFile; fileRef = 6DBE682E230ACB7F00B1D469 /* RetirementCalculatorTests.swift */; };
		6DBE683A230ACB7F00B1D469 /* RetirementCalculatorUITests.swift in Sources */ = {isa = PBXBuildFile; fileRef = 6DBE6839230ACB7F00B1D469 /* RetirementCalculatorUITests.swift */; };
		C999D52FA379A363388A3652 /* Pods_RetirementCalculator.framework in Frameworks */ = {isa = PBXBuildFile; fileRef = 042562D41581DD30A4525877 /* Pods_RetirementCalculator.framework */; };
/* End PBXBuildFile section */

/* Begin PBXContainerItemProxy section */
		6DBE682B230ACB7F00B1D469 /* PBXContainerItemProxy */ = {
			isa = PBXContainerItemProxy;
			containerPortal = 6DBE680E230ACB7D00B1D469 /* Project object */;
			proxyType = 1;
			remoteGlobalIDString = 6DBE6815230ACB7D00B1D469;
			remoteInfo = RetirementCalculator;
		};
		6DBE6836230ACB7F00B1D469 /* PBXContainerItemProxy */ = {
			isa = PBXContainerItemProxy;
			containerPortal = 6DBE680E230ACB7D00B1D469 /* Project object */;
			proxyType = 1;
			remoteGlobalIDString = 6DBE6815230ACB7D00B1D469;
			remoteInfo = RetirementCalculator;
		};
/* End PBXContainerItemProxy section */

/* Begin PBXCopyFilesBuildPhase section */
		6DBC1ADF2310856500130CF8 /* CopyFiles */ = {
			isa = PBXCopyFilesBuildPhase;
			buildActionMask = 2147483647;
			dstPath = "";
			dstSubfolderSpec = 10;
			files = (
				6DBC1B5E231085BA00130CF8 /* libswiftAccelerate.dylib in CopyFiles */,
				6DBC1B5F231085BA00130CF8 /* libswiftARKit.dylib in CopyFiles */,
				6DBC1B60231085BA00130CF8 /* libswiftAssetsLibrary.dylib in CopyFiles */,
				6DBC1B61231085BA00130CF8 /* libswiftAVFoundation.dylib in CopyFiles */,
				6DBC1B62231085BA00130CF8 /* libswiftCallKit.dylib in CopyFiles */,
				6DBC1B63231085BA00130CF8 /* libswiftCloudKit.dylib in CopyFiles */,
				6DBC1B64231085BA00130CF8 /* libswiftContacts.dylib in CopyFiles */,
				6DBC1B65231085BA00130CF8 /* libswiftCore.dylib in CopyFiles */,
				6DBC1B66231085BA00130CF8 /* libswiftCoreAudio.dylib in CopyFiles */,
				6DBC1B67231085BA00130CF8 /* libswiftCoreData.dylib in CopyFiles */,
				6DBC1B68231085BA00130CF8 /* libswiftCoreFoundation.dylib in CopyFiles */,
				6DBC1B69231085BA00130CF8 /* libswiftCoreGraphics.dylib in CopyFiles */,
				6DBC1B6A231085BA00130CF8 /* libswiftCoreImage.dylib in CopyFiles */,
				6DBC1B6B231085BA00130CF8 /* libswiftCoreLocation.dylib in CopyFiles */,
				6DBC1B6C231085BA00130CF8 /* libswiftCoreMedia.dylib in CopyFiles */,
				6DBC1B6D231085BA00130CF8 /* libswiftDarwin.dylib in CopyFiles */,
				6DBC1B6E231085BA00130CF8 /* libswiftDispatch.dylib in CopyFiles */,
				6DBC1B6F231085BA00130CF8 /* libswiftFoundation.dylib in CopyFiles */,
				6DBC1B70231085BA00130CF8 /* libswiftGameplayKit.dylib in CopyFiles */,
				6DBC1B71231085BA00130CF8 /* libswiftGLKit.dylib in CopyFiles */,
				6DBC1B72231085BA00130CF8 /* libswiftHomeKit.dylib in CopyFiles */,
				6DBC1B73231085BA00130CF8 /* libswiftIntents.dylib in CopyFiles */,
				6DBC1B74231085BA00130CF8 /* libswiftMapKit.dylib in CopyFiles */,
				6DBC1B75231085BA00130CF8 /* libswiftMediaPlayer.dylib in CopyFiles */,
				6DBC1B76231085BA00130CF8 /* libswiftMetal.dylib in CopyFiles */,
				6DBC1B77231085BA00130CF8 /* libswiftMetalKit.dylib in CopyFiles */,
				6DBC1B78231085BA00130CF8 /* libswiftModelIO.dylib in CopyFiles */,
				6DBC1B79231085BA00130CF8 /* libswiftNaturalLanguage.dylib in CopyFiles */,
				6DBC1B7A231085BA00130CF8 /* libswiftNetwork.dylib in CopyFiles */,
				6DBC1B7B231085BA00130CF8 /* libswiftObjectiveC.dylib in CopyFiles */,
				6DBC1B7C231085BA00130CF8 /* libswiftos.dylib in CopyFiles */,
				6DBC1B7D231085BA00130CF8 /* libswiftPhotos.dylib in CopyFiles */,
				6DBC1B7E231085BA00130CF8 /* libswiftQuartzCore.dylib in CopyFiles */,
				6DBC1B7F231085BA00130CF8 /* libswiftRemoteMirror.dylib in CopyFiles */,
				6DBC1B80231085BA00130CF8 /* libswiftSceneKit.dylib in CopyFiles */,
				6DBC1B81231085BA00130CF8 /* libswiftsimd.dylib in CopyFiles */,
				6DBC1B82231085BA00130CF8 /* libswiftSpriteKit.dylib in CopyFiles */,
				6DBC1B83231085BA00130CF8 /* libswiftSwiftOnoneSupport.dylib in CopyFiles */,
				6DBC1B84231085BA00130CF8 /* libswiftUIKit.dylib in CopyFiles */,
				6DBC1B85231085BA00130CF8 /* libswiftVision.dylib in CopyFiles */,
				6DBC1B86231085BA00130CF8 /* libswiftWatchKit.dylib in CopyFiles */,
				6DBC1B87231085BA00130CF8 /* libswiftXCTest.dylib in CopyFiles */,
			);
			runOnlyForDeploymentPostprocessing = 0;
		};
		6DBC1B88231087D000130CF8 /* CopyFiles */ = {
			isa = PBXCopyFilesBuildPhase;
			buildActionMask = 2147483647;
			dstPath = "";
			dstSubfolderSpec = 10;
			files = (
				6DBC1B89231087DD00130CF8 /* libswiftAccelerate.dylib in CopyFiles */,
				6DBC1B8A231087DD00130CF8 /* libswiftARKit.dylib in CopyFiles */,
				6DBC1B8B231087DD00130CF8 /* libswiftAssetsLibrary.dylib in CopyFiles */,
				6DBC1B8C231087DD00130CF8 /* libswiftAVFoundation.dylib in CopyFiles */,
				6DBC1B8D231087DD00130CF8 /* libswiftCallKit.dylib in CopyFiles */,
				6DBC1B8E231087DD00130CF8 /* libswiftCloudKit.dylib in CopyFiles */,
				6DBC1B8F231087DD00130CF8 /* libswiftContacts.dylib in CopyFiles */,
				6DBC1B90231087DD00130CF8 /* libswiftCore.dylib in CopyFiles */,
				6DBC1B91231087DD00130CF8 /* libswiftCoreAudio.dylib in CopyFiles */,
				6DBC1B92231087DD00130CF8 /* libswiftCoreData.dylib in CopyFiles */,
				6DBC1B93231087DD00130CF8 /* libswiftCoreFoundation.dylib in CopyFiles */,
				6DBC1B94231087DD00130CF8 /* libswiftCoreGraphics.dylib in CopyFiles */,
				6DBC1B95231087DD00130CF8 /* libswiftCoreImage.dylib in CopyFiles */,
				6DBC1B96231087DD00130CF8 /* libswiftCoreLocation.dylib in CopyFiles */,
				6DBC1B97231087DD00130CF8 /* libswiftCoreMedia.dylib in CopyFiles */,
				6DBC1B98231087DD00130CF8 /* libswiftDarwin.dylib in CopyFiles */,
				6DBC1B99231087DD00130CF8 /* libswiftDispatch.dylib in CopyFiles */,
				6DBC1B9A231087DD00130CF8 /* libswiftFoundation.dylib in CopyFiles */,
				6DBC1B9B231087DD00130CF8 /* libswiftGameplayKit.dylib in CopyFiles */,
				6DBC1B9C231087DD00130CF8 /* libswiftGLKit.dylib in CopyFiles */,
				6DBC1B9D231087DD00130CF8 /* libswiftHomeKit.dylib in CopyFiles */,
				6DBC1B9E231087DD00130CF8 /* libswiftIntents.dylib in CopyFiles */,
				6DBC1B9F231087DD00130CF8 /* libswiftMapKit.dylib in CopyFiles */,
				6DBC1BA0231087DD00130CF8 /* libswiftMediaPlayer.dylib in CopyFiles */,
				6DBC1BA1231087DD00130CF8 /* libswiftMetal.dylib in CopyFiles */,
				6DBC1BA2231087DD00130CF8 /* libswiftMetalKit.dylib in CopyFiles */,
				6DBC1BA3231087DD00130CF8 /* libswiftModelIO.dylib in CopyFiles */,
				6DBC1BA4231087DD00130CF8 /* libswiftNaturalLanguage.dylib in CopyFiles */,
				6DBC1BA5231087DD00130CF8 /* libswiftNetwork.dylib in CopyFiles */,
				6DBC1BA6231087DD00130CF8 /* libswiftObjectiveC.dylib in CopyFiles */,
				6DBC1BA7231087DD00130CF8 /* libswiftos.dylib in CopyFiles */,
				6DBC1BA8231087DD00130CF8 /* libswiftPhotos.dylib in CopyFiles */,
				6DBC1BA9231087DD00130CF8 /* libswiftQuartzCore.dylib in CopyFiles */,
				6DBC1BAA231087DD00130CF8 /* libswiftRemoteMirror.dylib in CopyFiles */,
				6DBC1BAB231087DD00130CF8 /* libswiftSceneKit.dylib in CopyFiles */,
				6DBC1BAC231087DD00130CF8 /* libswiftsimd.dylib in CopyFiles */,
				6DBC1BAD231087DD00130CF8 /* libswiftSpriteKit.dylib in CopyFiles */,
				6DBC1BAE231087DD00130CF8 /* libswiftSwiftOnoneSupport.dylib in CopyFiles */,
				6DBC1BAF231087DD00130CF8 /* libswiftUIKit.dylib in CopyFiles */,
				6DBC1BB0231087DD00130CF8 /* libswiftVision.dylib in CopyFiles */,
				6DBC1BB1231087DD00130CF8 /* libswiftWatchKit.dylib in CopyFiles */,
				6DBC1BB2231087DD00130CF8 /* libswiftXCTest.dylib in CopyFiles */,
			);
			runOnlyForDeploymentPostprocessing = 0;
		};
/* End PBXCopyFilesBuildPhase section */

/* Begin PBXFileReference section */
		042562D41581DD30A4525877 /* Pods_RetirementCalculator.framework */ = {isa = PBXFileReference; explicitFileType = wrapper.framework; includeInIndex = 0; path = Pods_RetirementCalculator.framework; sourceTree = BUILT_PRODUCTS_DIR; };
		4ECC46232B0FEC010698D887 /* Pods-RetirementCalculatorUITests.debug.xcconfig */ = {isa = PBXFileReference; includeInIndex = 1; lastKnownFileType = text.xcconfig; name = "Pods-RetirementCalculatorUITests.debug.xcconfig"; path = "Target Support Files/Pods-RetirementCalculatorUITests/Pods-RetirementCalculatorUITests.debug.xcconfig"; sourceTree = "<group>"; };
		516D2813248C5512D316301E /* Pods-RetirementCalculatorTests.release.xcconfig */ = {isa = PBXFileReference; includeInIndex = 1; lastKnownFileType = text.xcconfig; name = "Pods-RetirementCalculatorTests.release.xcconfig"; path = "Target Support Files/Pods-RetirementCalculatorTests/Pods-RetirementCalculatorTests.release.xcconfig"; sourceTree = "<group>"; };
		562304AC1FB58FC8F740CEE3 /* Pods-RetirementCalculatorTests.debug.xcconfig */ = {isa = PBXFileReference; includeInIndex = 1; lastKnownFileType = text.xcconfig; name = "Pods-RetirementCalculatorTests.debug.xcconfig"; path = "Target Support Files/Pods-RetirementCalculatorTests/Pods-RetirementCalculatorTests.debug.xcconfig"; sourceTree = "<group>"; };
		6DBC1B342310859800130CF8 /* libswiftQuartzCore.dylib */ = {isa = PBXFileReference; lastKnownFileType = "compiled.mach-o.dylib"; name = libswiftQuartzCore.dylib; path = Toolchains/XcodeDefault.xctoolchain/usr/lib/swift/iphoneos/libswiftQuartzCore.dylib; sourceTree = DEVELOPER_DIR; };
		6DBC1B352310859800130CF8 /* libswiftSceneKit.dylib */ = {isa = PBXFileReference; lastKnownFileType = "compiled.mach-o.dylib"; name = libswiftSceneKit.dylib; path = Toolchains/XcodeDefault.xctoolchain/usr/lib/swift/iphoneos/libswiftSceneKit.dylib; sourceTree = DEVELOPER_DIR; };
		6DBC1B362310859800130CF8 /* libswiftDispatch.dylib */ = {isa = PBXFileReference; lastKnownFileType = "compiled.mach-o.dylib"; name = libswiftDispatch.dylib; path = Toolchains/XcodeDefault.xctoolchain/usr/lib/swift/iphoneos/libswiftDispatch.dylib; sourceTree = DEVELOPER_DIR; };
		6DBC1B372310859800130CF8 /* libswiftIntents.dylib */ = {isa = PBXFileReference; lastKnownFileType = "compiled.mach-o.dylib"; name = libswiftIntents.dylib; path = Toolchains/XcodeDefault.xctoolchain/usr/lib/swift/iphoneos/libswiftIntents.dylib; sourceTree = DEVELOPER_DIR; };
		6DBC1B382310859800130CF8 /* libswiftCoreLocation.dylib */ = {isa = PBXFileReference; lastKnownFileType = "compiled.mach-o.dylib"; name = libswiftCoreLocation.dylib; path = Toolchains/XcodeDefault.xctoolchain/usr/lib/swift/iphoneos/libswiftCoreLocation.dylib; sourceTree = DEVELOPER_DIR; };
		6DBC1B392310859900130CF8 /* libswiftHomeKit.dylib */ = {isa = PBXFileReference; lastKnownFileType = "compiled.mach-o.dylib"; name = libswiftHomeKit.dylib; path = Toolchains/XcodeDefault.xctoolchain/usr/lib/swift/iphoneos/libswiftHomeKit.dylib; sourceTree = DEVELOPER_DIR; };
		6DBC1B3A2310859900130CF8 /* libswiftGLKit.dylib */ = {isa = PBXFileReference; lastKnownFileType = "compiled.mach-o.dylib"; name = libswiftGLKit.dylib; path = Toolchains/XcodeDefault.xctoolchain/usr/lib/swift/iphoneos/libswiftGLKit.dylib; sourceTree = DEVELOPER_DIR; };
		6DBC1B3B2310859900130CF8 /* libswiftCallKit.dylib */ = {isa = PBXFileReference; lastKnownFileType = "compiled.mach-o.dylib"; name = libswiftCallKit.dylib; path = Toolchains/XcodeDefault.xctoolchain/usr/lib/swift/iphoneos/libswiftCallKit.dylib; sourceTree = DEVELOPER_DIR; };
		6DBC1B3C2310859900130CF8 /* libswiftCoreData.dylib */ = {isa = PBXFileReference; lastKnownFileType = "compiled.mach-o.dylib"; name = libswiftCoreData.dylib; path = Toolchains/XcodeDefault.xctoolchain/usr/lib/swift/iphoneos/libswiftCoreData.dylib; sourceTree = DEVELOPER_DIR; };
		6DBC1B3D2310859900130CF8 /* libswiftDarwin.dylib */ = {isa = PBXFileReference; lastKnownFileType = "compiled.mach-o.dylib"; name = libswiftDarwin.dylib; path = Toolchains/XcodeDefault.xctoolchain/usr/lib/swift/iphoneos/libswiftDarwin.dylib; sourceTree = DEVELOPER_DIR; };
		6DBC1B3E2310859900130CF8 /* libswiftContacts.dylib */ = {isa = PBXFileReference; lastKnownFileType = "compiled.mach-o.dylib"; name = libswiftContacts.dylib; path = Toolchains/XcodeDefault.xctoolchain/usr/lib/swift/iphoneos/libswiftContacts.dylib; sourceTree = DEVELOPER_DIR; };
		6DBC1B3F2310859900130CF8 /* libswiftARKit.dylib */ = {isa = PBXFileReference; lastKnownFileType = "compiled.mach-o.dylib"; name = libswiftARKit.dylib; path = Toolchains/XcodeDefault.xctoolchain/usr/lib/swift/iphoneos/libswiftARKit.dylib; sourceTree = DEVELOPER_DIR; };
		6DBC1B402310859900130CF8 /* libswiftMetalKit.dylib */ = {isa = PBXFileReference; lastKnownFileType = "compiled.mach-o.dylib"; name = libswiftMetalKit.dylib; path = Toolchains/XcodeDefault.xctoolchain/usr/lib/swift/iphoneos/libswiftMetalKit.dylib; sourceTree = DEVELOPER_DIR; };
		6DBC1B412310859900130CF8 /* libswiftCore.dylib */ = {isa = PBXFileReference; lastKnownFileType = "compiled.mach-o.dylib"; name = libswiftCore.dylib; path = Toolchains/XcodeDefault.xctoolchain/usr/lib/swift/iphoneos/libswiftCore.dylib; sourceTree = DEVELOPER_DIR; };
		6DBC1B422310859900130CF8 /* libswiftNaturalLanguage.dylib */ = {isa = PBXFileReference; lastKnownFileType = "compiled.mach-o.dylib"; name = libswiftNaturalLanguage.dylib; path = Toolchains/XcodeDefault.xctoolchain/usr/lib/swift/iphoneos/libswiftNaturalLanguage.dylib; sourceTree = DEVELOPER_DIR; };
		6DBC1B432310859900130CF8 /* libswiftsimd.dylib */ = {isa = PBXFileReference; lastKnownFileType = "compiled.mach-o.dylib"; name = libswiftsimd.dylib; path = Toolchains/XcodeDefault.xctoolchain/usr/lib/swift/iphoneos/libswiftsimd.dylib; sourceTree = DEVELOPER_DIR; };
		6DBC1B442310859900130CF8 /* libswiftUIKit.dylib */ = {isa = PBXFileReference; lastKnownFileType = "compiled.mach-o.dylib"; name = libswiftUIKit.dylib; path = Toolchains/XcodeDefault.xctoolchain/usr/lib/swift/iphoneos/libswiftUIKit.dylib; sourceTree = DEVELOPER_DIR; };
		6DBC1B452310859900130CF8 /* libswiftCloudKit.dylib */ = {isa = PBXFileReference; lastKnownFileType = "compiled.mach-o.dylib"; name = libswiftCloudKit.dylib; path = Toolchains/XcodeDefault.xctoolchain/usr/lib/swift/iphoneos/libswiftCloudKit.dylib; sourceTree = DEVELOPER_DIR; };
		6DBC1B462310859900130CF8 /* libswiftXCTest.dylib */ = {isa = PBXFileReference; lastKnownFileType = "compiled.mach-o.dylib"; name = libswiftXCTest.dylib; path = Toolchains/XcodeDefault.xctoolchain/usr/lib/swift/iphoneos/libswiftXCTest.dylib; sourceTree = DEVELOPER_DIR; };
		6DBC1B472310859900130CF8 /* libswiftCoreFoundation.dylib */ = {isa = PBXFileReference; lastKnownFileType = "compiled.mach-o.dylib"; name = libswiftCoreFoundation.dylib; path = Toolchains/XcodeDefault.xctoolchain/usr/lib/swift/iphoneos/libswiftCoreFoundation.dylib; sourceTree = DEVELOPER_DIR; };
		6DBC1B482310859900130CF8 /* libswiftMapKit.dylib */ = {isa = PBXFileReference; lastKnownFileType = "compiled.mach-o.dylib"; name = libswiftMapKit.dylib; path = Toolchains/XcodeDefault.xctoolchain/usr/lib/swift/iphoneos/libswiftMapKit.dylib; sourceTree = DEVELOPER_DIR; };
		6DBC1B492310859900130CF8 /* libswiftCoreAudio.dylib */ = {isa = PBXFileReference; lastKnownFileType = "compiled.mach-o.dylib"; name = libswiftCoreAudio.dylib; path = Toolchains/XcodeDefault.xctoolchain/usr/lib/swift/iphoneos/libswiftCoreAudio.dylib; sourceTree = DEVELOPER_DIR; };
		6DBC1B4A2310859900130CF8 /* libswiftObjectiveC.dylib */ = {isa = PBXFileReference; lastKnownFileType = "compiled.mach-o.dylib"; name = libswiftObjectiveC.dylib; path = Toolchains/XcodeDefault.xctoolchain/usr/lib/swift/iphoneos/libswiftObjectiveC.dylib; sourceTree = DEVELOPER_DIR; };
		6DBC1B4B2310859900130CF8 /* libswiftPhotos.dylib */ = {isa = PBXFileReference; lastKnownFileType = "compiled.mach-o.dylib"; name = libswiftPhotos.dylib; path = Toolchains/XcodeDefault.xctoolchain/usr/lib/swift/iphoneos/libswiftPhotos.dylib; sourceTree = DEVELOPER_DIR; };
		6DBC1B4C2310859900130CF8 /* libswiftSpriteKit.dylib */ = {isa = PBXFileReference; lastKnownFileType = "compiled.mach-o.dylib"; name = libswiftSpriteKit.dylib; path = Toolchains/XcodeDefault.xctoolchain/usr/lib/swift/iphoneos/libswiftSpriteKit.dylib; sourceTree = DEVELOPER_DIR; };
		6DBC1B4D2310859900130CF8 /* libswiftWatchKit.dylib */ = {isa = PBXFileReference; lastKnownFileType = "compiled.mach-o.dylib"; name = libswiftWatchKit.dylib; path = Toolchains/XcodeDefault.xctoolchain/usr/lib/swift/iphoneos/libswiftWatchKit.dylib; sourceTree = DEVELOPER_DIR; };
		6DBC1B4E2310859900130CF8 /* libswiftMetal.dylib */ = {isa = PBXFileReference; lastKnownFileType = "compiled.mach-o.dylib"; name = libswiftMetal.dylib; path = Toolchains/XcodeDefault.xctoolchain/usr/lib/swift/iphoneos/libswiftMetal.dylib; sourceTree = DEVELOPER_DIR; };
		6DBC1B4F2310859900130CF8 /* libswiftVision.dylib */ = {isa = PBXFileReference; lastKnownFileType = "compiled.mach-o.dylib"; name = libswiftVision.dylib; path = Toolchains/XcodeDefault.xctoolchain/usr/lib/swift/iphoneos/libswiftVision.dylib; sourceTree = DEVELOPER_DIR; };
		6DBC1B502310859A00130CF8 /* libswiftCoreGraphics.dylib */ = {isa = PBXFileReference; lastKnownFileType = "compiled.mach-o.dylib"; name = libswiftCoreGraphics.dylib; path = Toolchains/XcodeDefault.xctoolchain/usr/lib/swift/iphoneos/libswiftCoreGraphics.dylib; sourceTree = DEVELOPER_DIR; };
		6DBC1B512310859A00130CF8 /* libswiftFoundation.dylib */ = {isa = PBXFileReference; lastKnownFileType = "compiled.mach-o.dylib"; name = libswiftFoundation.dylib; path = Toolchains/XcodeDefault.xctoolchain/usr/lib/swift/iphoneos/libswiftFoundation.dylib; sourceTree = DEVELOPER_DIR; };
		6DBC1B522310859A00130CF8 /* libswiftAssetsLibrary.dylib */ = {isa = PBXFileReference; lastKnownFileType = "compiled.mach-o.dylib"; name = libswiftAssetsLibrary.dylib; path = Toolchains/XcodeDefault.xctoolchain/usr/lib/swift/iphoneos/libswiftAssetsLibrary.dylib; sourceTree = DEVELOPER_DIR; };
		6DBC1B532310859A00130CF8 /* libswiftGameplayKit.dylib */ = {isa = PBXFileReference; lastKnownFileType = "compiled.mach-o.dylib"; name = libswiftGameplayKit.dylib; path = Toolchains/XcodeDefault.xctoolchain/usr/lib/swift/iphoneos/libswiftGameplayKit.dylib; sourceTree = DEVELOPER_DIR; };
		6DBC1B542310859A00130CF8 /* libswiftCoreMedia.dylib */ = {isa = PBXFileReference; lastKnownFileType = "compiled.mach-o.dylib"; name = libswiftCoreMedia.dylib; path = Toolchains/XcodeDefault.xctoolchain/usr/lib/swift/iphoneos/libswiftCoreMedia.dylib; sourceTree = DEVELOPER_DIR; };
		6DBC1B552310859A00130CF8 /* libswiftos.dylib */ = {isa = PBXFileReference; lastKnownFileType = "compiled.mach-o.dylib"; name = libswiftos.dylib; path = Toolchains/XcodeDefault.xctoolchain/usr/lib/swift/iphoneos/libswiftos.dylib; sourceTree = DEVELOPER_DIR; };
		6DBC1B562310859A00130CF8 /* libswiftSwiftOnoneSupport.dylib */ = {isa = PBXFileReference; lastKnownFileType = "compiled.mach-o.dylib"; name = libswiftSwiftOnoneSupport.dylib; path = Toolchains/XcodeDefault.xctoolchain/usr/lib/swift/iphoneos/libswiftSwiftOnoneSupport.dylib; sourceTree = DEVELOPER_DIR; };
		6DBC1B572310859A00130CF8 /* libswiftModelIO.dylib */ = {isa = PBXFileReference; lastKnownFileType = "compiled.mach-o.dylib"; name = libswiftModelIO.dylib; path = Toolchains/XcodeDefault.xctoolchain/usr/lib/swift/iphoneos/libswiftModelIO.dylib; sourceTree = DEVELOPER_DIR; };
		6DBC1B582310859A00130CF8 /* libswiftMediaPlayer.dylib */ = {isa = PBXFileReference; lastKnownFileType = "compiled.mach-o.dylib"; name = libswiftMediaPlayer.dylib; path = Toolchains/XcodeDefault.xctoolchain/usr/lib/swift/iphoneos/libswiftMediaPlayer.dylib; sourceTree = DEVELOPER_DIR; };
		6DBC1B592310859A00130CF8 /* libswiftCoreImage.dylib */ = {isa = PBXFileReference; lastKnownFileType = "compiled.mach-o.dylib"; name = libswiftCoreImage.dylib; path = Toolchains/XcodeDefault.xctoolchain/usr/lib/swift/iphoneos/libswiftCoreImage.dylib; sourceTree = DEVELOPER_DIR; };
		6DBC1B5A2310859A00130CF8 /* libswiftAccelerate.dylib */ = {isa = PBXFileReference; lastKnownFileType = "compiled.mach-o.dylib"; name = libswiftAccelerate.dylib; path = Toolchains/XcodeDefault.xctoolchain/usr/lib/swift/iphoneos/libswiftAccelerate.dylib; sourceTree = DEVELOPER_DIR; };
		6DBC1B5B2310859A00130CF8 /* libswiftRemoteMirror.dylib */ = {isa = PBXFileReference; lastKnownFileType = "compiled.mach-o.dylib"; name = libswiftRemoteMirror.dylib; path = Toolchains/XcodeDefault.xctoolchain/usr/lib/swift/iphoneos/libswiftRemoteMirror.dylib; sourceTree = DEVELOPER_DIR; };
		6DBC1B5C2310859A00130CF8 /* libswiftAVFoundation.dylib */ = {isa = PBXFileReference; lastKnownFileType = "compiled.mach-o.dylib"; name = libswiftAVFoundation.dylib; path = Toolchains/XcodeDefault.xctoolchain/usr/lib/swift/iphoneos/libswiftAVFoundation.dylib; sourceTree = DEVELOPER_DIR; };
		6DBC1B5D2310859A00130CF8 /* libswiftNetwork.dylib */ = {isa = PBXFileReference; lastKnownFileType = "compiled.mach-o.dylib"; name = libswiftNetwork.dylib; path = Toolchains/XcodeDefault.xctoolchain/usr/lib/swift/iphoneos/libswiftNetwork.dylib; sourceTree = DEVELOPER_DIR; };
		6DBE6816230ACB7D00B1D469 /* RetirementCalculator.app */ = {isa = PBXFileReference; explicitFileType = wrapper.application; includeInIndex = 0; path = RetirementCalculator.app; sourceTree = BUILT_PRODUCTS_DIR; };
		6DBE6819230ACB7D00B1D469 /* AppDelegate.swift */ = {isa = PBXFileReference; lastKnownFileType = sourcecode.swift; path = AppDelegate.swift; sourceTree = "<group>"; };
		6DBE681B230ACB7D00B1D469 /* ViewController.swift */ = {isa = PBXFileReference; lastKnownFileType = sourcecode.swift; path = ViewController.swift; sourceTree = "<group>"; };
		6DBE681E230ACB7D00B1D469 /* Base */ = {isa = PBXFileReference; lastKnownFileType = file.storyboard; name = Base; path = Base.lproj/Main.storyboard; sourceTree = "<group>"; };
		6DBE6820230ACB7F00B1D469 /* Assets.xcassets */ = {isa = PBXFileReference; lastKnownFileType = folder.assetcatalog; path = Assets.xcassets; sourceTree = "<group>"; };
		6DBE6823230ACB7F00B1D469 /* Base */ = {isa = PBXFileReference; lastKnownFileType = file.storyboard; name = Base; path = Base.lproj/LaunchScreen.storyboard; sourceTree = "<group>"; };
		6DBE6825230ACB7F00B1D469 /* Info.plist */ = {isa = PBXFileReference; lastKnownFileType = text.plist.xml; path = Info.plist; sourceTree = "<group>"; };
		6DBE682A230ACB7F00B1D469 /* RetirementCalculatorTests.xctest */ = {isa = PBXFileReference; explicitFileType = wrapper.cfbundle; includeInIndex = 0; path = RetirementCalculatorTests.xctest; sourceTree = BUILT_PRODUCTS_DIR; };
		6DBE682E230ACB7F00B1D469 /* RetirementCalculatorTests.swift */ = {isa = PBXFileReference; lastKnownFileType = sourcecode.swift; path = RetirementCalculatorTests.swift; sourceTree = "<group>"; };
		6DBE6830230ACB7F00B1D469 /* Info.plist */ = {isa = PBXFileReference; lastKnownFileType = text.plist.xml; path = Info.plist; sourceTree = "<group>"; };
		6DBE6835230ACB7F00B1D469 /* RetirementCalculatorUITests.xctest */ = {isa = PBXFileReference; explicitFileType = wrapper.cfbundle; includeInIndex = 0; path = RetirementCalculatorUITests.xctest; sourceTree = BUILT_PRODUCTS_DIR; };
		6DBE6839230ACB7F00B1D469 /* RetirementCalculatorUITests.swift */ = {isa = PBXFileReference; lastKnownFileType = sourcecode.swift; path = RetirementCalculatorUITests.swift; sourceTree = "<group>"; };
		6DBE683B230ACB7F00B1D469 /* Info.plist */ = {isa = PBXFileReference; lastKnownFileType = text.plist.xml; path = Info.plist; sourceTree = "<group>"; };
		7281558B8D095771B8F4F2F2 /* Pods_RetirementCalculatorUITests.framework */ = {isa = PBXFileReference; explicitFileType = wrapper.framework; includeInIndex = 0; path = Pods_RetirementCalculatorUITests.framework; sourceTree = BUILT_PRODUCTS_DIR; };
		85BBF0F444C962F21A9EF88D /* Pods-RetirementCalculator.release.xcconfig */ = {isa = PBXFileReference; includeInIndex = 1; lastKnownFileType = text.xcconfig; name = "Pods-RetirementCalculator.release.xcconfig"; path = "Target Support Files/Pods-RetirementCalculator/Pods-RetirementCalculator.release.xcconfig"; sourceTree = "<group>"; };
		A036890D50FDA69E11272839 /* Pods-RetirementCalculator.debug.xcconfig */ = {isa = PBXFileReference; includeInIndex = 1; lastKnownFileType = text.xcconfig; name = "Pods-RetirementCalculator.debug.xcconfig"; path = "Target Support Files/Pods-RetirementCalculator/Pods-RetirementCalculator.debug.xcconfig"; sourceTree = "<group>"; };
		A21D0CF437E8AAAB7620A346 /* Pods_RetirementCalculatorTests.framework */ = {isa = PBXFileReference; explicitFileType = wrapper.framework; includeInIndex = 0; path = Pods_RetirementCalculatorTests.framework; sourceTree = BUILT_PRODUCTS_DIR; };
		F3F658C469E27C4BD55E1472 /* Pods-RetirementCalculatorUITests.release.xcconfig */ = {isa = PBXFileReference; includeInIndex = 1; lastKnownFileType = text.xcconfig; name = "Pods-RetirementCalculatorUITests.release.xcconfig"; path = "Target Support Files/Pods-RetirementCalculatorUITests/Pods-RetirementCalculatorUITests.release.xcconfig"; sourceTree = "<group>"; };
/* End PBXFileReference section */

/* Begin PBXFrameworksBuildPhase section */
		6DBE6813230ACB7D00B1D469 /* Frameworks */ = {
			isa = PBXFrameworksBuildPhase;
			buildActionMask = 2147483647;
			files = (
				C999D52FA379A363388A3652 /* Pods_RetirementCalculator.framework in Frameworks */,
			);
			runOnlyForDeploymentPostprocessing = 0;
		};
		6DBE6827230ACB7F00B1D469 /* Frameworks */ = {
			isa = PBXFrameworksBuildPhase;
			buildActionMask = 2147483647;
			files = (
				181A27D87E724E239217F39E /* Pods_RetirementCalculatorTests.framework in Frameworks */,
			);
			runOnlyForDeploymentPostprocessing = 0;
		};
		6DBE6832230ACB7F00B1D469 /* Frameworks */ = {
			isa = PBXFrameworksBuildPhase;
			buildActionMask = 2147483647;
			files = (
				0253384ED3FBBAFC9A75C61B /* Pods_RetirementCalculatorUITests.framework in Frameworks */,
			);
			runOnlyForDeploymentPostprocessing = 0;
		};
/* End PBXFrameworksBuildPhase section */

/* Begin PBXGroup section */
		6DBE680D230ACB7D00B1D469 = {
			isa = PBXGroup;
			children = (
				6DBE6818230ACB7D00B1D469 /* RetirementCalculator */,
				6DBE682D230ACB7F00B1D469 /* RetirementCalculatorTests */,
				6DBE6838230ACB7F00B1D469 /* RetirementCalculatorUITests */,
				6DBE6817230ACB7D00B1D469 /* Products */,
				7677DC2B711943F5FAD3AED1 /* Pods */,
				D44E82C636C731BCFA6F5C98 /* Frameworks */,
			);
			sourceTree = "<group>";
		};
		6DBE6817230ACB7D00B1D469 /* Products */ = {
			isa = PBXGroup;
			children = (
				6DBE6816230ACB7D00B1D469 /* RetirementCalculator.app */,
				6DBE682A230ACB7F00B1D469 /* RetirementCalculatorTests.xctest */,
				6DBE6835230ACB7F00B1D469 /* RetirementCalculatorUITests.xctest */,
			);
			name = Products;
			sourceTree = "<group>";
		};
		6DBE6818230ACB7D00B1D469 /* RetirementCalculator */ = {
			isa = PBXGroup;
			children = (
				6DBE6819230ACB7D00B1D469 /* AppDelegate.swift */,
				6DBE681B230ACB7D00B1D469 /* ViewController.swift */,
				6DBE681D230ACB7D00B1D469 /* Main.storyboard */,
				6DBE6820230ACB7F00B1D469 /* Assets.xcassets */,
				6DBE6822230ACB7F00B1D469 /* LaunchScreen.storyboard */,
				6DBE6825230ACB7F00B1D469 /* Info.plist */,
			);
			path = RetirementCalculator;
			sourceTree = "<group>";
		};
		6DBE682D230ACB7F00B1D469 /* RetirementCalculatorTests */ = {
			isa = PBXGroup;
			children = (
				6DBE682E230ACB7F00B1D469 /* RetirementCalculatorTests.swift */,
				6DBE6830230ACB7F00B1D469 /* Info.plist */,
			);
			path = RetirementCalculatorTests;
			sourceTree = "<group>";
		};
		6DBE6838230ACB7F00B1D469 /* RetirementCalculatorUITests */ = {
			isa = PBXGroup;
			children = (
				6DBE6839230ACB7F00B1D469 /* RetirementCalculatorUITests.swift */,
				6DBE683B230ACB7F00B1D469 /* Info.plist */,
			);
			path = RetirementCalculatorUITests;
			sourceTree = "<group>";
		};
		7677DC2B711943F5FAD3AED1 /* Pods */ = {
			isa = PBXGroup;
			children = (
				A036890D50FDA69E11272839 /* Pods-RetirementCalculator.debug.xcconfig */,
				85BBF0F444C962F21A9EF88D /* Pods-RetirementCalculator.release.xcconfig */,
				562304AC1FB58FC8F740CEE3 /* Pods-RetirementCalculatorTests.debug.xcconfig */,
				516D2813248C5512D316301E /* Pods-RetirementCalculatorTests.release.xcconfig */,
				4ECC46232B0FEC010698D887 /* Pods-RetirementCalculatorUITests.debug.xcconfig */,
				F3F658C469E27C4BD55E1472 /* Pods-RetirementCalculatorUITests.release.xcconfig */,
			);
			path = Pods;
			sourceTree = "<group>";
		};
		D44E82C636C731BCFA6F5C98 /* Frameworks */ = {
			isa = PBXGroup;
			children = (
				6DBC1B5A2310859A00130CF8 /* libswiftAccelerate.dylib */,
				6DBC1B3F2310859900130CF8 /* libswiftARKit.dylib */,
				6DBC1B522310859A00130CF8 /* libswiftAssetsLibrary.dylib */,
				6DBC1B5C2310859A00130CF8 /* libswiftAVFoundation.dylib */,
				6DBC1B3B2310859900130CF8 /* libswiftCallKit.dylib */,
				6DBC1B452310859900130CF8 /* libswiftCloudKit.dylib */,
				6DBC1B3E2310859900130CF8 /* libswiftContacts.dylib */,
				6DBC1B412310859900130CF8 /* libswiftCore.dylib */,
				6DBC1B492310859900130CF8 /* libswiftCoreAudio.dylib */,
				6DBC1B3C2310859900130CF8 /* libswiftCoreData.dylib */,
				6DBC1B472310859900130CF8 /* libswiftCoreFoundation.dylib */,
				6DBC1B502310859A00130CF8 /* libswiftCoreGraphics.dylib */,
				6DBC1B592310859A00130CF8 /* libswiftCoreImage.dylib */,
				6DBC1B382310859800130CF8 /* libswiftCoreLocation.dylib */,
				6DBC1B542310859A00130CF8 /* libswiftCoreMedia.dylib */,
				6DBC1B3D2310859900130CF8 /* libswiftDarwin.dylib */,
				6DBC1B362310859800130CF8 /* libswiftDispatch.dylib */,
				6DBC1B512310859A00130CF8 /* libswiftFoundation.dylib */,
				6DBC1B532310859A00130CF8 /* libswiftGameplayKit.dylib */,
				6DBC1B3A2310859900130CF8 /* libswiftGLKit.dylib */,
				6DBC1B392310859900130CF8 /* libswiftHomeKit.dylib */,
				6DBC1B372310859800130CF8 /* libswiftIntents.dylib */,
				6DBC1B482310859900130CF8 /* libswiftMapKit.dylib */,
				6DBC1B582310859A00130CF8 /* libswiftMediaPlayer.dylib */,
				6DBC1B4E2310859900130CF8 /* libswiftMetal.dylib */,
				6DBC1B402310859900130CF8 /* libswiftMetalKit.dylib */,
				6DBC1B572310859A00130CF8 /* libswiftModelIO.dylib */,
				6DBC1B422310859900130CF8 /* libswiftNaturalLanguage.dylib */,
				6DBC1B5D2310859A00130CF8 /* libswiftNetwork.dylib */,
				6DBC1B4A2310859900130CF8 /* libswiftObjectiveC.dylib */,
				6DBC1B552310859A00130CF8 /* libswiftos.dylib */,
				6DBC1B4B2310859900130CF8 /* libswiftPhotos.dylib */,
				6DBC1B342310859800130CF8 /* libswiftQuartzCore.dylib */,
				6DBC1B5B2310859A00130CF8 /* libswiftRemoteMirror.dylib */,
				6DBC1B352310859800130CF8 /* libswiftSceneKit.dylib */,
				6DBC1B432310859900130CF8 /* libswiftsimd.dylib */,
				6DBC1B4C2310859900130CF8 /* libswiftSpriteKit.dylib */,
				6DBC1B562310859A00130CF8 /* libswiftSwiftOnoneSupport.dylib */,
				6DBC1B442310859900130CF8 /* libswiftUIKit.dylib */,
				6DBC1B4F2310859900130CF8 /* libswiftVision.dylib */,
				6DBC1B4D2310859900130CF8 /* libswiftWatchKit.dylib */,
				6DBC1B462310859900130CF8 /* libswiftXCTest.dylib */,
				042562D41581DD30A4525877 /* Pods_RetirementCalculator.framework */,
				A21D0CF437E8AAAB7620A346 /* Pods_RetirementCalculatorTests.framework */,
				7281558B8D095771B8F4F2F2 /* Pods_RetirementCalculatorUITests.framework */,
			);
			name = Frameworks;
			sourceTree = "<group>";
		};
/* End PBXGroup section */

/* Begin PBXNativeTarget section */
		6DBE6815230ACB7D00B1D469 /* RetirementCalculator */ = {
			isa = PBXNativeTarget;
			buildConfigurationList = 6DBE683E230ACB7F00B1D469 /* Build configuration list for PBXNativeTarget "RetirementCalculator" */;
			buildPhases = (
				24586ADB979C9CD4AE8783E3 /* [CP] Check Pods Manifest.lock */,
				6DBE6812230ACB7D00B1D469 /* Sources */,
				6DBE6813230ACB7D00B1D469 /* Frameworks */,
				6DBE6814230ACB7D00B1D469 /* Resources */,
				6DBC1ADF2310856500130CF8 /* CopyFiles */,
			);
			buildRules = (
			);
			dependencies = (
			);
			name = RetirementCalculator;
			productName = RetirementCalculator;
			productReference = 6DBE6816230ACB7D00B1D469 /* RetirementCalculator.app */;
			productType = "com.apple.product-type.application";
		};
		6DBE6829230ACB7F00B1D469 /* RetirementCalculatorTests */ = {
			isa = PBXNativeTarget;
			buildConfigurationList = 6DBE6841230ACB7F00B1D469 /* Build configuration list for PBXNativeTarget "RetirementCalculatorTests" */;
			buildPhases = (
				B058F1CC732E2079FA147534 /* [CP] Check Pods Manifest.lock */,
				6DBE6826230ACB7F00B1D469 /* Sources */,
				6DBE6827230ACB7F00B1D469 /* Frameworks */,
				6DBE6828230ACB7F00B1D469 /* Resources */,
			);
			buildRules = (
			);
			dependencies = (
				6DBE682C230ACB7F00B1D469 /* PBXTargetDependency */,
			);
			name = RetirementCalculatorTests;
			productName = RetirementCalculatorTests;
			productReference = 6DBE682A230ACB7F00B1D469 /* RetirementCalculatorTests.xctest */;
			productType = "com.apple.product-type.bundle.unit-test";
		};
		6DBE6834230ACB7F00B1D469 /* RetirementCalculatorUITests */ = {
			isa = PBXNativeTarget;
			buildConfigurationList = 6DBE6844230ACB7F00B1D469 /* Build configuration list for PBXNativeTarget "RetirementCalculatorUITests" */;
			buildPhases = (
				8E71AC685B3556AD94883B79 /* [CP] Check Pods Manifest.lock */,
				6DBE6831230ACB7F00B1D469 /* Sources */,
				6DBE6832230ACB7F00B1D469 /* Frameworks */,
				6DBE6833230ACB7F00B1D469 /* Resources */,
				6DBC1B88231087D000130CF8 /* CopyFiles */,
			);
			buildRules = (
			);
			dependencies = (
				6DBE6837230ACB7F00B1D469 /* PBXTargetDependency */,
			);
			name = RetirementCalculatorUITests;
			productName = RetirementCalculatorUITests;
			productReference = 6DBE6835230ACB7F00B1D469 /* RetirementCalculatorUITests.xctest */;
			productType = "com.apple.product-type.bundle.ui-testing";
		};
/* End PBXNativeTarget section */

/* Begin PBXProject section */
		6DBE680E230ACB7D00B1D469 /* Project object */ = {
			isa = PBXProject;
			attributes = {
				LastSwiftUpdateCheck = 1030;
				LastUpgradeCheck = 1030;
				ORGANIZATIONNAME = "Eduardo Rosas";
				TargetAttributes = {
					6DBE6815230ACB7D00B1D469 = {
						CreatedOnToolsVersion = 10.3;
					};
					6DBE6829230ACB7F00B1D469 = {
						CreatedOnToolsVersion = 10.3;
						TestTargetID = 6DBE6815230ACB7D00B1D469;
					};
					6DBE6834230ACB7F00B1D469 = {
						CreatedOnToolsVersion = 10.3;
						TestTargetID = 6DBE6815230ACB7D00B1D469;
					};
				};
			};
			buildConfigurationList = 6DBE6811230ACB7D00B1D469 /* Build configuration list for PBXProject "RetirementCalculator" */;
			compatibilityVersion = "Xcode 9.3";
			developmentRegion = en;
			hasScannedForEncodings = 0;
			knownRegions = (
				en,
				Base,
			);
			mainGroup = 6DBE680D230ACB7D00B1D469;
			productRefGroup = 6DBE6817230ACB7D00B1D469 /* Products */;
			projectDirPath = "";
			projectRoot = "";
			targets = (
				6DBE6815230ACB7D00B1D469 /* RetirementCalculator */,
				6DBE6829230ACB7F00B1D469 /* RetirementCalculatorTests */,
				6DBE6834230ACB7F00B1D469 /* RetirementCalculatorUITests */,
			);
		};
/* End PBXProject section */

/* Begin PBXResourcesBuildPhase section */
		6DBE6814230ACB7D00B1D469 /* Resources */ = {
			isa = PBXResourcesBuildPhase;
			buildActionMask = 2147483647;
			files = (
				6DBE6824230ACB7F00B1D469 /* LaunchScreen.storyboard in Resources */,
				6DBE6821230ACB7F00B1D469 /* Assets.xcassets in Resources */,
				6DBE681F230ACB7D00B1D469 /* Main.storyboard in Resources */,
			);
			runOnlyForDeploymentPostprocessing = 0;
		};
		6DBE6828230ACB7F00B1D469 /* Resources */ = {
			isa = PBXResourcesBuildPhase;
			buildActionMask = 2147483647;
			files = (
			);
			runOnlyForDeploymentPostprocessing = 0;
		};
		6DBE6833230ACB7F00B1D469 /* Resources */ = {
			isa = PBXResourcesBuildPhase;
			buildActionMask = 2147483647;
			files = (
			);
			runOnlyForDeploymentPostprocessing = 0;
		};
/* End PBXResourcesBuildPhase section */

/* Begin PBXShellScriptBuildPhase section */
		24586ADB979C9CD4AE8783E3 /* [CP] Check Pods Manifest.lock */ = {
			isa = PBXShellScriptBuildPhase;
			buildActionMask = 2147483647;
			files = (
			);
			inputFileListPaths = (
			);
			inputPaths = (
				"${PODS_PODFILE_DIR_PATH}/Podfile.lock",
				"${PODS_ROOT}/Manifest.lock",
			);
			name = "[CP] Check Pods Manifest.lock";
			outputFileListPaths = (
			);
			outputPaths = (
				"$(DERIVED_FILE_DIR)/Pods-RetirementCalculator-checkManifestLockResult.txt",
			);
			runOnlyForDeploymentPostprocessing = 0;
			shellPath = /bin/sh;
			shellScript = "diff \"${PODS_PODFILE_DIR_PATH}/Podfile.lock\" \"${PODS_ROOT}/Manifest.lock\" > /dev/null\nif [ $? != 0 ] ; then\n    # print error to STDERR\n    echo \"error: The sandbox is not in sync with the Podfile.lock. Run 'pod install' or update your CocoaPods installation.\" >&2\n    exit 1\nfi\n# This output is used by Xcode 'outputs' to avoid re-running this script phase.\necho \"SUCCESS\" > \"${SCRIPT_OUTPUT_FILE_0}\"\n";
			showEnvVarsInLog = 0;
		};
		8E71AC685B3556AD94883B79 /* [CP] Check Pods Manifest.lock */ = {
			isa = PBXShellScriptBuildPhase;
			buildActionMask = 2147483647;
			files = (
			);
			inputFileListPaths = (
			);
			inputPaths = (
				"${PODS_PODFILE_DIR_PATH}/Podfile.lock",
				"${PODS_ROOT}/Manifest.lock",
			);
			name = "[CP] Check Pods Manifest.lock";
			outputFileListPaths = (
			);
			outputPaths = (
				"$(DERIVED_FILE_DIR)/Pods-RetirementCalculatorUITests-checkManifestLockResult.txt",
			);
			runOnlyForDeploymentPostprocessing = 0;
			shellPath = /bin/sh;
			shellScript = "diff \"${PODS_PODFILE_DIR_PATH}/Podfile.lock\" \"${PODS_ROOT}/Manifest.lock\" > /dev/null\nif [ $? != 0 ] ; then\n    # print error to STDERR\n    echo \"error: The sandbox is not in sync with the Podfile.lock. Run 'pod install' or update your CocoaPods installation.\" >&2\n    exit 1\nfi\n# This output is used by Xcode 'outputs' to avoid re-running this script phase.\necho \"SUCCESS\" > \"${SCRIPT_OUTPUT_FILE_0}\"\n";
			showEnvVarsInLog = 0;
		};
		B058F1CC732E2079FA147534 /* [CP] Check Pods Manifest.lock */ = {
			isa = PBXShellScriptBuildPhase;
			buildActionMask = 2147483647;
			files = (
			);
			inputFileListPaths = (
			);
			inputPaths = (
				"${PODS_PODFILE_DIR_PATH}/Podfile.lock",
				"${PODS_ROOT}/Manifest.lock",
			);
			name = "[CP] Check Pods Manifest.lock";
			outputFileListPaths = (
			);
			outputPaths = (
				"$(DERIVED_FILE_DIR)/Pods-RetirementCalculatorTests-checkManifestLockResult.txt",
			);
			runOnlyForDeploymentPostprocessing = 0;
			shellPath = /bin/sh;
			shellScript = "diff \"${PODS_PODFILE_DIR_PATH}/Podfile.lock\" \"${PODS_ROOT}/Manifest.lock\" > /dev/null\nif [ $? != 0 ] ; then\n    # print error to STDERR\n    echo \"error: The sandbox is not in sync with the Podfile.lock. Run 'pod install' or update your CocoaPods installation.\" >&2\n    exit 1\nfi\n# This output is used by Xcode 'outputs' to avoid re-running this script phase.\necho \"SUCCESS\" > \"${SCRIPT_OUTPUT_FILE_0}\"\n";
			showEnvVarsInLog = 0;
		};
/* End PBXShellScriptBuildPhase section */

/* Begin PBXSourcesBuildPhase section */
		6DBE6812230ACB7D00B1D469 /* Sources */ = {
			isa = PBXSourcesBuildPhase;
			buildActionMask = 2147483647;
			files = (
				6DBE681C230ACB7D00B1D469 /* ViewController.swift in Sources */,
				6DBE681A230ACB7D00B1D469 /* AppDelegate.swift in Sources */,
			);
			runOnlyForDeploymentPostprocessing = 0;
		};
		6DBE6826230ACB7F00B1D469 /* Sources */ = {
			isa = PBXSourcesBuildPhase;
			buildActionMask = 2147483647;
			files = (
				6DBE682F230ACB7F00B1D469 /* RetirementCalculatorTests.swift in Sources */,
			);
			runOnlyForDeploymentPostprocessing = 0;
		};
		6DBE6831230ACB7F00B1D469 /* Sources */ = {
			isa = PBXSourcesBuildPhase;
			buildActionMask = 2147483647;
			files = (
				6DBE683A230ACB7F00B1D469 /* RetirementCalculatorUITests.swift in Sources */,
			);
			runOnlyForDeploymentPostprocessing = 0;
		};
/* End PBXSourcesBuildPhase section */

/* Begin PBXTargetDependency section */
		6DBE682C230ACB7F00B1D469 /* PBXTargetDependency */ = {
			isa = PBXTargetDependency;
			target = 6DBE6815230ACB7D00B1D469 /* RetirementCalculator */;
			targetProxy = 6DBE682B230ACB7F00B1D469 /* PBXContainerItemProxy */;
		};
		6DBE6837230ACB7F00B1D469 /* PBXTargetDependency */ = {
			isa = PBXTargetDependency;
			target = 6DBE6815230ACB7D00B1D469 /* RetirementCalculator */;
			targetProxy = 6DBE6836230ACB7F00B1D469 /* PBXContainerItemProxy */;
		};
/* End PBXTargetDependency section */

/* Begin PBXVariantGroup section */
		6DBE681D230ACB7D00B1D469 /* Main.storyboard */ = {
			isa = PBXVariantGroup;
			children = (
				6DBE681E230ACB7D00B1D469 /* Base */,
			);
			name = Main.storyboard;
			sourceTree = "<group>";
		};
		6DBE6822230ACB7F00B1D469 /* LaunchScreen.storyboard */ = {
			isa = PBXVariantGroup;
			children = (
				6DBE6823230ACB7F00B1D469 /* Base */,
			);
			name = LaunchScreen.storyboard;
			sourceTree = "<group>";
		};
/* End PBXVariantGroup section */

/* Begin XCBuildConfiguration section */
		6DBE683C230ACB7F00B1D469 /* Debug */ = {
			isa = XCBuildConfiguration;
			buildSettings = {
				ALWAYS_SEARCH_USER_PATHS = NO;
				CLANG_ANALYZER_NONNULL = YES;
				CLANG_ANALYZER_NUMBER_OBJECT_CONVERSION = YES_AGGRESSIVE;
				CLANG_CXX_LANGUAGE_STANDARD = "gnu++14";
				CLANG_CXX_LIBRARY = "libc++";
				CLANG_ENABLE_MODULES = YES;
				CLANG_ENABLE_OBJC_ARC = YES;
				CLANG_ENABLE_OBJC_WEAK = YES;
				CLANG_WARN_BLOCK_CAPTURE_AUTORELEASING = YES;
				CLANG_WARN_BOOL_CONVERSION = YES;
				CLANG_WARN_COMMA = YES;
				CLANG_WARN_CONSTANT_CONVERSION = YES;
				CLANG_WARN_DEPRECATED_OBJC_IMPLEMENTATIONS = YES;
				CLANG_WARN_DIRECT_OBJC_ISA_USAGE = YES_ERROR;
				CLANG_WARN_DOCUMENTATION_COMMENTS = YES;
				CLANG_WARN_EMPTY_BODY = YES;
				CLANG_WARN_ENUM_CONVERSION = YES;
				CLANG_WARN_INFINITE_RECURSION = YES;
				CLANG_WARN_INT_CONVERSION = YES;
				CLANG_WARN_NON_LITERAL_NULL_CONVERSION = YES;
				CLANG_WARN_OBJC_IMPLICIT_RETAIN_SELF = YES;
				CLANG_WARN_OBJC_LITERAL_CONVERSION = YES;
				CLANG_WARN_OBJC_ROOT_CLASS = YES_ERROR;
				CLANG_WARN_RANGE_LOOP_ANALYSIS = YES;
				CLANG_WARN_STRICT_PROTOTYPES = YES;
				CLANG_WARN_SUSPICIOUS_MOVE = YES;
				CLANG_WARN_UNGUARDED_AVAILABILITY = YES_AGGRESSIVE;
				CLANG_WARN_UNREACHABLE_CODE = YES;
				CLANG_WARN__DUPLICATE_METHOD_MATCH = YES;
				CODE_SIGN_IDENTITY = "iPhone Developer";
				COPY_PHASE_STRIP = NO;
				DEBUG_INFORMATION_FORMAT = "dwarf-with-dsym";
				ENABLE_BITCODE = NO;
				ENABLE_STRICT_OBJC_MSGSEND = YES;
				ENABLE_TESTABILITY = YES;
				GCC_C_LANGUAGE_STANDARD = gnu11;
				GCC_DYNAMIC_NO_PIC = NO;
				GCC_NO_COMMON_BLOCKS = YES;
				GCC_OPTIMIZATION_LEVEL = 0;
				GCC_PREPROCESSOR_DEFINITIONS = (
					"DEBUG=1",
					"$(inherited)",
				);
				GCC_WARN_64_TO_32_BIT_CONVERSION = YES;
				GCC_WARN_ABOUT_RETURN_TYPE = YES_ERROR;
				GCC_WARN_UNDECLARED_SELECTOR = YES;
				GCC_WARN_UNINITIALIZED_AUTOS = YES_AGGRESSIVE;
				GCC_WARN_UNUSED_FUNCTION = YES;
				GCC_WARN_UNUSED_VARIABLE = YES;
				IPHONEOS_DEPLOYMENT_TARGET = 12.4;
				MTL_ENABLE_DEBUG_INFO = INCLUDE_SOURCE;
				MTL_FAST_MATH = YES;
				ONLY_ACTIVE_ARCH = YES;
				SDKROOT = iphoneos;
				SWIFT_ACTIVE_COMPILATION_CONDITIONS = DEBUG;
				SWIFT_OPTIMIZATION_LEVEL = "-Onone";
			};
			name = Debug;
		};
		6DBE683D230ACB7F00B1D469 /* Release */ = {
			isa = XCBuildConfiguration;
			buildSettings = {
				ALWAYS_SEARCH_USER_PATHS = NO;
				CLANG_ANALYZER_NONNULL = YES;
				CLANG_ANALYZER_NUMBER_OBJECT_CONVERSION = YES_AGGRESSIVE;
				CLANG_CXX_LANGUAGE_STANDARD = "gnu++14";
				CLANG_CXX_LIBRARY = "libc++";
				CLANG_ENABLE_MODULES = YES;
				CLANG_ENABLE_OBJC_ARC = YES;
				CLANG_ENABLE_OBJC_WEAK = YES;
				CLANG_WARN_BLOCK_CAPTURE_AUTORELEASING = YES;
				CLANG_WARN_BOOL_CONVERSION = YES;
				CLANG_WARN_COMMA = YES;
				CLANG_WARN_CONSTANT_CONVERSION = YES;
				CLANG_WARN_DEPRECATED_OBJC_IMPLEMENTATIONS = YES;
				CLANG_WARN_DIRECT_OBJC_ISA_USAGE = YES_ERROR;
				CLANG_WARN_DOCUMENTATION_COMMENTS = YES;
				CLANG_WARN_EMPTY_BODY = YES;
				CLANG_WARN_ENUM_CONVERSION = YES;
				CLANG_WARN_INFINITE_RECURSION = YES;
				CLANG_WARN_INT_CONVERSION = YES;
				CLANG_WARN_NON_LITERAL_NULL_CONVERSION = YES;
				CLANG_WARN_OBJC_IMPLICIT_RETAIN_SELF = YES;
				CLANG_WARN_OBJC_LITERAL_CONVERSION = YES;
				CLANG_WARN_OBJC_ROOT_CLASS = YES_ERROR;
				CLANG_WARN_RANGE_LOOP_ANALYSIS = YES;
				CLANG_WARN_STRICT_PROTOTYPES = YES;
				CLANG_WARN_SUSPICIOUS_MOVE = YES;
				CLANG_WARN_UNGUARDED_AVAILABILITY = YES_AGGRESSIVE;
				CLANG_WARN_UNREACHABLE_CODE = YES;
				CLANG_WARN__DUPLICATE_METHOD_MATCH = YES;
				CODE_SIGN_IDENTITY = "iPhone Developer";
				COPY_PHASE_STRIP = NO;
				DEBUG_INFORMATION_FORMAT = "dwarf-with-dsym";
				ENABLE_BITCODE = NO;
				ENABLE_NS_ASSERTIONS = NO;
				ENABLE_STRICT_OBJC_MSGSEND = YES;
				ENABLE_TESTABILITY = NO;
				GCC_C_LANGUAGE_STANDARD = gnu11;
				GCC_NO_COMMON_BLOCKS = YES;
				GCC_WARN_64_TO_32_BIT_CONVERSION = YES;
				GCC_WARN_ABOUT_RETURN_TYPE = YES_ERROR;
				GCC_WARN_UNDECLARED_SELECTOR = YES;
				GCC_WARN_UNINITIALIZED_AUTOS = YES_AGGRESSIVE;
				GCC_WARN_UNUSED_FUNCTION = YES;
				GCC_WARN_UNUSED_VARIABLE = YES;
				IPHONEOS_DEPLOYMENT_TARGET = 12.4;
				MTL_ENABLE_DEBUG_INFO = NO;
				MTL_FAST_MATH = YES;
				SDKROOT = iphoneos;
				SWIFT_COMPILATION_MODE = wholemodule;
				SWIFT_OPTIMIZATION_LEVEL = "-O";
				VALIDATE_PRODUCT = YES;
			};
			name = Release;
		};
		6DBE683F230ACB7F00B1D469 /* Debug */ = {
			isa = XCBuildConfiguration;
			baseConfigurationReference = A036890D50FDA69E11272839 /* Pods-RetirementCalculator.debug.xcconfig */;
			buildSettings = {
				ASSETCATALOG_COMPILER_APPICON_NAME = AppIcon;
				CODE_SIGN_STYLE = Manual;
				DEVELOPMENT_TEAM = "";
				INFOPLIST_FILE = RetirementCalculator/Info.plist;
				IPHONEOS_DEPLOYMENT_TARGET = 12.0;
				LD_RUNPATH_SEARCH_PATHS = (
					"$(inherited)",
					"@executable_path/Frameworks",
				);
				PRODUCT_BUNDLE_IDENTIFIER = com.lalorosas.RetirementCalculator;
				PRODUCT_NAME = "$(TARGET_NAME)";
				PROVISIONING_PROFILE_SPECIFIER = "";
				SWIFT_VERSION = 5.0;
				TARGETED_DEVICE_FAMILY = "1,2";
			};
			name = Debug;
		};
		6DBE6840230ACB7F00B1D469 /* Release */ = {
			isa = XCBuildConfiguration;
			baseConfigurationReference = 85BBF0F444C962F21A9EF88D /* Pods-RetirementCalculator.release.xcconfig */;
			buildSettings = {
				ASSETCATALOG_COMPILER_APPICON_NAME = AppIcon;
				CODE_SIGN_STYLE = Manual;
				DEVELOPMENT_TEAM = "";
				INFOPLIST_FILE = RetirementCalculator/Info.plist;
				IPHONEOS_DEPLOYMENT_TARGET = 12.0;
				LD_RUNPATH_SEARCH_PATHS = (
					"$(inherited)",
					"@executable_path/Frameworks",
				);
				PRODUCT_BUNDLE_IDENTIFIER = com.lalorosas.RetirementCalculator;
				PRODUCT_NAME = "$(TARGET_NAME)";
				PROVISIONING_PROFILE_SPECIFIER = "";
				SWIFT_VERSION = 5.0;
				TARGETED_DEVICE_FAMILY = "1,2";
			};
			name = Release;
		};
		6DBE6842230ACB7F00B1D469 /* Debug */ = {
			isa = XCBuildConfiguration;
			baseConfigurationReference = 562304AC1FB58FC8F740CEE3 /* Pods-RetirementCalculatorTests.debug.xcconfig */;
			buildSettings = {
				ALWAYS_EMBED_SWIFT_STANDARD_LIBRARIES = YES;
				BUNDLE_LOADER = "$(TEST_HOST)";
				CODE_SIGN_STYLE = Automatic;
				DEVELOPMENT_TEAM = QG384SYFG6;
				INFOPLIST_FILE = RetirementCalculatorTests/Info.plist;
				LD_RUNPATH_SEARCH_PATHS = (
					"$(inherited)",
					"@executable_path/Frameworks",
					"@loader_path/Frameworks",
				);
				PRODUCT_BUNDLE_IDENTIFIER = com.lalorosas.RetirementCalculatorTests;
				PRODUCT_NAME = "$(TARGET_NAME)";
				SWIFT_VERSION = 5.0;
				TARGETED_DEVICE_FAMILY = "1,2";
				TEST_HOST = "$(BUILT_PRODUCTS_DIR)/RetirementCalculator.app/RetirementCalculator";
			};
			name = Debug;
		};
		6DBE6843230ACB7F00B1D469 /* Release */ = {
			isa = XCBuildConfiguration;
			baseConfigurationReference = 516D2813248C5512D316301E /* Pods-RetirementCalculatorTests.release.xcconfig */;
			buildSettings = {
				ALWAYS_EMBED_SWIFT_STANDARD_LIBRARIES = YES;
				BUNDLE_LOADER = "$(TEST_HOST)";
				CODE_SIGN_STYLE = Automatic;
				DEVELOPMENT_TEAM = QG384SYFG6;
				INFOPLIST_FILE = RetirementCalculatorTests/Info.plist;
				LD_RUNPATH_SEARCH_PATHS = (
					"$(inherited)",
					"@executable_path/Frameworks",
					"@loader_path/Frameworks",
				);
				PRODUCT_BUNDLE_IDENTIFIER = com.lalorosas.RetirementCalculatorTests;
				PRODUCT_NAME = "$(TARGET_NAME)";
				SWIFT_VERSION = 5.0;
				TARGETED_DEVICE_FAMILY = "1,2";
				TEST_HOST = "$(BUILT_PRODUCTS_DIR)/RetirementCalculator.app/RetirementCalculator";
			};
			name = Release;
		};
		6DBE6845230ACB7F00B1D469 /* Debug */ = {
			isa = XCBuildConfiguration;
			baseConfigurationReference = 4ECC46232B0FEC010698D887 /* Pods-RetirementCalculatorUITests.debug.xcconfig */;
			buildSettings = {
				ALWAYS_EMBED_SWIFT_STANDARD_LIBRARIES = YES;
				CODE_SIGN_STYLE = Automatic;
				DEVELOPMENT_TEAM = QG384SYFG6;
				INFOPLIST_FILE = RetirementCalculatorUITests/Info.plist;
				LD_RUNPATH_SEARCH_PATHS = (
					"$(inherited)",
					"@executable_path/Frameworks",
					"@loader_path/Frameworks",
				);
				PRODUCT_BUNDLE_IDENTIFIER = com.lalorosas.RetirementCalculatorUITests;
				PRODUCT_NAME = "$(TARGET_NAME)";
				SWIFT_VERSION = 5.0;
				TARGETED_DEVICE_FAMILY = "1,2";
				TEST_TARGET_NAME = RetirementCalculator;
			};
			name = Debug;
		};
		6DBE6846230ACB7F00B1D469 /* Release */ = {
			isa = XCBuildConfiguration;
			baseConfigurationReference = F3F658C469E27C4BD55E1472 /* Pods-RetirementCalculatorUITests.release.xcconfig */;
			buildSettings = {
				ALWAYS_EMBED_SWIFT_STANDARD_LIBRARIES = YES;
				CODE_SIGN_STYLE = Automatic;
				DEVELOPMENT_TEAM = QG384SYFG6;
				INFOPLIST_FILE = RetirementCalculatorUITests/Info.plist;
				LD_RUNPATH_SEARCH_PATHS = (
					"$(inherited)",
					"@executable_path/Frameworks",
					"@loader_path/Frameworks",
				);
				PRODUCT_BUNDLE_IDENTIFIER = com.lalorosas.RetirementCalculatorUITests;
				PRODUCT_NAME = "$(TARGET_NAME)";
				SWIFT_VERSION = 5.0;
				TARGETED_DEVICE_FAMILY = "1,2";
				TEST_TARGET_NAME = RetirementCalculator;
			};
			name = Release;
		};
/* End XCBuildConfiguration section */

/* Begin XCConfigurationList section */
		6DBE6811230ACB7D00B1D469 /* Build configuration list for PBXProject "RetirementCalculator" */ = {
			isa = XCConfigurationList;
			buildConfigurations = (
				6DBE683C230ACB7F00B1D469 /* Debug */,
				6DBE683D230ACB7F00B1D469 /* Release */,
			);
			defaultConfigurationIsVisible = 0;
			defaultConfigurationName = Release;
		};
		6DBE683E230ACB7F00B1D469 /* Build configuration list for PBXNativeTarget "RetirementCalculator" */ = {
			isa = XCConfigurationList;
			buildConfigurations = (
				6DBE683F230ACB7F00B1D469 /* Debug */,
				6DBE6840230ACB7F00B1D469 /* Release */,
			);
			defaultConfigurationIsVisible = 0;
			defaultConfigurationName = Release;
		};
		6DBE6841230ACB7F00B1D469 /* Build configuration list for PBXNativeTarget "RetirementCalculatorTests" */ = {
			isa = XCConfigurationList;
			buildConfigurations = (
				6DBE6842230ACB7F00B1D469 /* Debug */,
				6DBE6843230ACB7F00B1D469 /* Release */,
			);
			defaultConfigurationIsVisible = 0;
			defaultConfigurationName = Release;
		};
		6DBE6844230ACB7F00B1D469 /* Build configuration list for PBXNativeTarget "RetirementCalculatorUITests" */ = {
			isa = XCConfigurationList;
			buildConfigurations = (
				6DBE6845230ACB7F00B1D469 /* Debug */,
				6DBE6846230ACB7F00B1D469 /* Release */,
			);
			defaultConfigurationIsVisible = 0;
			defaultConfigurationName = Release;
		};
/* End XCConfigurationList section */
	};
	rootObject = 6DBE680E230ACB7D00B1D469 /* Project object */;
}
